// !$*UTF8*$!
{
	archiveVersion = 1;
	classes = {
	};
	objectVersion = 56;
	objects = {

/* Begin PBXBuildFile section */
		049E215E62FB8CF3505F1FC5 /* Pods_FlowMenu_FlowMenuUITests.framework in Frameworks */ = {isa = PBXBuildFile; fileRef = F43EE34588AA9ECFD4989451 /* Pods_FlowMenu_FlowMenuUITests.framework */; };
		2362D35833DE6639254115D9 /* Pods_FlowMenuTests.framework in Frameworks */ = {isa = PBXBuildFile; fileRef = 383539476D38670BB3D694EA /* Pods_FlowMenuTests.framework */; };
		44CB4E6D2906329200559EA3 /* AppDelegate.swift in Sources */ = {isa = PBXBuildFile; fileRef = 44CB4E6C2906329200559EA3 /* AppDelegate.swift */; };
		44CB4E6F2906329200559EA3 /* SceneDelegate.swift in Sources */ = {isa = PBXBuildFile; fileRef = 44CB4E6E2906329200559EA3 /* SceneDelegate.swift */; };
		44CB4E712906329200559EA3 /* ViewController.swift in Sources */ = {isa = PBXBuildFile; fileRef = 44CB4E702906329200559EA3 /* ViewController.swift */; };
		44CB4E742906329200559EA3 /* Main.storyboard in Resources */ = {isa = PBXBuildFile; fileRef = 44CB4E722906329200559EA3 /* Main.storyboard */; };
		44CB4E762906329200559EA3 /* Assets.xcassets in Resources */ = {isa = PBXBuildFile; fileRef = 44CB4E752906329200559EA3 /* Assets.xcassets */; };
		44CB4E792906329200559EA3 /* LaunchScreen.storyboard in Resources */ = {isa = PBXBuildFile; fileRef = 44CB4E772906329200559EA3 /* LaunchScreen.storyboard */; };
		44CB4E842906329300559EA3 /* FlowMenuTests.swift in Sources */ = {isa = PBXBuildFile; fileRef = 44CB4E832906329300559EA3 /* FlowMenuTests.swift */; };
		44CB4E8E2906329300559EA3 /* FlowMenuUITests.swift in Sources */ = {isa = PBXBuildFile; fileRef = 44CB4E8D2906329300559EA3 /* FlowMenuUITests.swift */; };
		44CB4E902906329300559EA3 /* FlowMenuUITestsLaunchTests.swift in Sources */ = {isa = PBXBuildFile; fileRef = 44CB4E8F2906329300559EA3 /* FlowMenuUITestsLaunchTests.swift */; };
		44CB4E9E290632AB00559EA3 /* FlowMenu.swift in Sources */ = {isa = PBXBuildFile; fileRef = 44CB4E9D290632AB00559EA3 /* FlowMenu.swift */; };
		750260FDED58B60FBF0C3AE7 /* Pods_FlowMenu.framework in Frameworks */ = {isa = PBXBuildFile; fileRef = 3EA4FAF43C0869959E5D9BF5 /* Pods_FlowMenu.framework */; };
/* End PBXBuildFile section */

/* Begin PBXContainerItemProxy section */
		44CB4E802906329300559EA3 /* PBXContainerItemProxy */ = {
			isa = PBXContainerItemProxy;
			containerPortal = 44CB4E612906329200559EA3 /* Project object */;
			proxyType = 1;
			remoteGlobalIDString = 44CB4E682906329200559EA3;
			remoteInfo = FlowMenu;
		};
		44CB4E8A2906329300559EA3 /* PBXContainerItemProxy */ = {
			isa = PBXContainerItemProxy;
			containerPortal = 44CB4E612906329200559EA3 /* Project object */;
			proxyType = 1;
			remoteGlobalIDString = 44CB4E682906329200559EA3;
			remoteInfo = FlowMenu;
		};
/* End PBXContainerItemProxy section */

/* Begin PBXFileReference section */
		08DC29F0AD44C1916E6CD074 /* Pods-FlowMenuTests.release.xcconfig */ = {isa = PBXFileReference; includeInIndex = 1; lastKnownFileType = text.xcconfig; name = "Pods-FlowMenuTests.release.xcconfig"; path = "Target Support Files/Pods-FlowMenuTests/Pods-FlowMenuTests.release.xcconfig"; sourceTree = "<group>"; };
		33D1B19EBFA74C0462B1F12F /* Pods-FlowMenu-FlowMenuUITests.release.xcconfig */ = {isa = PBXFileReference; includeInIndex = 1; lastKnownFileType = text.xcconfig; name = "Pods-FlowMenu-FlowMenuUITests.release.xcconfig"; path = "Target Support Files/Pods-FlowMenu-FlowMenuUITests/Pods-FlowMenu-FlowMenuUITests.release.xcconfig"; sourceTree = "<group>"; };
		383539476D38670BB3D694EA /* Pods_FlowMenuTests.framework */ = {isa = PBXFileReference; explicitFileType = wrapper.framework; includeInIndex = 0; path = Pods_FlowMenuTests.framework; sourceTree = BUILT_PRODUCTS_DIR; };
		3EA4FAF43C0869959E5D9BF5 /* Pods_FlowMenu.framework */ = {isa = PBXFileReference; explicitFileType = wrapper.framework; includeInIndex = 0; path = Pods_FlowMenu.framework; sourceTree = BUILT_PRODUCTS_DIR; };
		44A583AEE5F1E456A0187A8E /* Pods-FlowMenu-FlowMenuUITests.debug.xcconfig */ = {isa = PBXFileReference; includeInIndex = 1; lastKnownFileType = text.xcconfig; name = "Pods-FlowMenu-FlowMenuUITests.debug.xcconfig"; path = "Target Support Files/Pods-FlowMenu-FlowMenuUITests/Pods-FlowMenu-FlowMenuUITests.debug.xcconfig"; sourceTree = "<group>"; };
		44CB4E692906329200559EA3 /* FlowMenu.app */ = {isa = PBXFileReference; explicitFileType = wrapper.application; includeInIndex = 0; path = FlowMenu.app; sourceTree = BUILT_PRODUCTS_DIR; };
		44CB4E6C2906329200559EA3 /* AppDelegate.swift */ = {isa = PBXFileReference; lastKnownFileType = sourcecode.swift; path = AppDelegate.swift; sourceTree = "<group>"; };
		44CB4E6E2906329200559EA3 /* SceneDelegate.swift */ = {isa = PBXFileReference; lastKnownFileType = sourcecode.swift; path = SceneDelegate.swift; sourceTree = "<group>"; };
		44CB4E702906329200559EA3 /* ViewController.swift */ = {isa = PBXFileReference; lastKnownFileType = sourcecode.swift; path = ViewController.swift; sourceTree = "<group>"; };
		44CB4E732906329200559EA3 /* Base */ = {isa = PBXFileReference; lastKnownFileType = file.storyboard; name = Base; path = Base.lproj/Main.storyboard; sourceTree = "<group>"; };
		44CB4E752906329200559EA3 /* Assets.xcassets */ = {isa = PBXFileReference; lastKnownFileType = folder.assetcatalog; path = Assets.xcassets; sourceTree = "<group>"; };
		44CB4E782906329200559EA3 /* Base */ = {isa = PBXFileReference; lastKnownFileType = file.storyboard; name = Base; path = Base.lproj/LaunchScreen.storyboard; sourceTree = "<group>"; };
		44CB4E7A2906329200559EA3 /* Info.plist */ = {isa = PBXFileReference; lastKnownFileType = text.plist.xml; path = Info.plist; sourceTree = "<group>"; };
		44CB4E7F2906329300559EA3 /* FlowMenuTests.xctest */ = {isa = PBXFileReference; explicitFileType = wrapper.cfbundle; includeInIndex = 0; path = FlowMenuTests.xctest; sourceTree = BUILT_PRODUCTS_DIR; };
		44CB4E832906329300559EA3 /* FlowMenuTests.swift */ = {isa = PBXFileReference; lastKnownFileType = sourcecode.swift; path = FlowMenuTests.swift; sourceTree = "<group>"; };
		44CB4E892906329300559EA3 /* FlowMenuUITests.xctest */ = {isa = PBXFileReference; explicitFileType = wrapper.cfbundle; includeInIndex = 0; path = FlowMenuUITests.xctest; sourceTree = BUILT_PRODUCTS_DIR; };
		44CB4E8D2906329300559EA3 /* FlowMenuUITests.swift */ = {isa = PBXFileReference; lastKnownFileType = sourcecode.swift; path = FlowMenuUITests.swift; sourceTree = "<group>"; };
		44CB4E8F2906329300559EA3 /* FlowMenuUITestsLaunchTests.swift */ = {isa = PBXFileReference; lastKnownFileType = sourcecode.swift; path = FlowMenuUITestsLaunchTests.swift; sourceTree = "<group>"; };
		44CB4E9D290632AB00559EA3 /* FlowMenu.swift */ = {isa = PBXFileReference; lastKnownFileType = sourcecode.swift; path = FlowMenu.swift; sourceTree = "<group>"; };
		5C464B213E3DBA951E7CEC5A /* Pods-FlowMenuTests.debug.xcconfig */ = {isa = PBXFileReference; includeInIndex = 1; lastKnownFileType = text.xcconfig; name = "Pods-FlowMenuTests.debug.xcconfig"; path = "Target Support Files/Pods-FlowMenuTests/Pods-FlowMenuTests.debug.xcconfig"; sourceTree = "<group>"; };
		D0B70EBE924D9794AE8D397D /* Pods-FlowMenu.debug.xcconfig */ = {isa = PBXFileReference; includeInIndex = 1; lastKnownFileType = text.xcconfig; name = "Pods-FlowMenu.debug.xcconfig"; path = "Target Support Files/Pods-FlowMenu/Pods-FlowMenu.debug.xcconfig"; sourceTree = "<group>"; };
		F43EE34588AA9ECFD4989451 /* Pods_FlowMenu_FlowMenuUITests.framework */ = {isa = PBXFileReference; explicitFileType = wrapper.framework; includeInIndex = 0; path = Pods_FlowMenu_FlowMenuUITests.framework; sourceTree = BUILT_PRODUCTS_DIR; };
		F6F5249E52F9BAA9C9185C00 /* Pods-FlowMenu.release.xcconfig */ = {isa = PBXFileReference; includeInIndex = 1; lastKnownFileType = text.xcconfig; name = "Pods-FlowMenu.release.xcconfig"; path = "Target Support Files/Pods-FlowMenu/Pods-FlowMenu.release.xcconfig"; sourceTree = "<group>"; };
/* End PBXFileReference section */

/* Begin PBXFrameworksBuildPhase section */
		44CB4E662906329200559EA3 /* Frameworks */ = {
			isa = PBXFrameworksBuildPhase;
			buildActionMask = 2147483647;
			files = (
				750260FDED58B60FBF0C3AE7 /* Pods_FlowMenu.framework in Frameworks */,
			);
			runOnlyForDeploymentPostprocessing = 0;
		};
		44CB4E7C2906329300559EA3 /* Frameworks */ = {
			isa = PBXFrameworksBuildPhase;
			buildActionMask = 2147483647;
			files = (
				2362D35833DE6639254115D9 /* Pods_FlowMenuTests.framework in Frameworks */,
			);
			runOnlyForDeploymentPostprocessing = 0;
		};
		44CB4E862906329300559EA3 /* Frameworks */ = {
			isa = PBXFrameworksBuildPhase;
			buildActionMask = 2147483647;
			files = (
				049E215E62FB8CF3505F1FC5 /* Pods_FlowMenu_FlowMenuUITests.framework in Frameworks */,
			);
			runOnlyForDeploymentPostprocessing = 0;
		};
/* End PBXFrameworksBuildPhase section */

/* Begin PBXGroup section */
		44CB4E602906329200559EA3 = {
			isa = PBXGroup;
			children = (
				44CB4E6B2906329200559EA3 /* FlowMenu */,
				44CB4E822906329300559EA3 /* FlowMenuTests */,
				44CB4E8C2906329300559EA3 /* FlowMenuUITests */,
				44CB4E6A2906329200559EA3 /* Products */,
				AE7EC10AA84C854602DC07D9 /* Pods */,
				D63959EC78A1FC93CFD6D8CE /* Frameworks */,
			);
			sourceTree = "<group>";
		};
		44CB4E6A2906329200559EA3 /* Products */ = {
			isa = PBXGroup;
			children = (
				44CB4E692906329200559EA3 /* FlowMenu.app */,
				44CB4E7F2906329300559EA3 /* FlowMenuTests.xctest */,
				44CB4E892906329300559EA3 /* FlowMenuUITests.xctest */,
			);
			name = Products;
			sourceTree = "<group>";
		};
		44CB4E6B2906329200559EA3 /* FlowMenu */ = {
			isa = PBXGroup;
			children = (
				44CB4E9C2906329E00559EA3 /* FlowMenu */,
				44CB4E6C2906329200559EA3 /* AppDelegate.swift */,
				44CB4E6E2906329200559EA3 /* SceneDelegate.swift */,
				44CB4E702906329200559EA3 /* ViewController.swift */,
				44CB4E722906329200559EA3 /* Main.storyboard */,
				44CB4E752906329200559EA3 /* Assets.xcassets */,
				44CB4E772906329200559EA3 /* LaunchScreen.storyboard */,
				44CB4E7A2906329200559EA3 /* Info.plist */,
			);
			path = FlowMenu;
			sourceTree = "<group>";
		};
		44CB4E822906329300559EA3 /* FlowMenuTests */ = {
			isa = PBXGroup;
			children = (
				44CB4E832906329300559EA3 /* FlowMenuTests.swift */,
			);
			path = FlowMenuTests;
			sourceTree = "<group>";
		};
		44CB4E8C2906329300559EA3 /* FlowMenuUITests */ = {
			isa = PBXGroup;
			children = (
				44CB4E8D2906329300559EA3 /* FlowMenuUITests.swift */,
				44CB4E8F2906329300559EA3 /* FlowMenuUITestsLaunchTests.swift */,
			);
			path = FlowMenuUITests;
			sourceTree = "<group>";
		};
		44CB4E9C2906329E00559EA3 /* FlowMenu */ = {
			isa = PBXGroup;
			children = (
				44CB4E9D290632AB00559EA3 /* FlowMenu.swift */,
			);
			path = FlowMenu;
			sourceTree = "<group>";
		};
		AE7EC10AA84C854602DC07D9 /* Pods */ = {
			isa = PBXGroup;
			children = (
				D0B70EBE924D9794AE8D397D /* Pods-FlowMenu.debug.xcconfig */,
				F6F5249E52F9BAA9C9185C00 /* Pods-FlowMenu.release.xcconfig */,
				44A583AEE5F1E456A0187A8E /* Pods-FlowMenu-FlowMenuUITests.debug.xcconfig */,
				33D1B19EBFA74C0462B1F12F /* Pods-FlowMenu-FlowMenuUITests.release.xcconfig */,
				5C464B213E3DBA951E7CEC5A /* Pods-FlowMenuTests.debug.xcconfig */,
				08DC29F0AD44C1916E6CD074 /* Pods-FlowMenuTests.release.xcconfig */,
			);
			name = Pods;
			path = Pods;
			sourceTree = "<group>";
		};
		D63959EC78A1FC93CFD6D8CE /* Frameworks */ = {
			isa = PBXGroup;
			children = (
				3EA4FAF43C0869959E5D9BF5 /* Pods_FlowMenu.framework */,
				F43EE34588AA9ECFD4989451 /* Pods_FlowMenu_FlowMenuUITests.framework */,
				383539476D38670BB3D694EA /* Pods_FlowMenuTests.framework */,
			);
			name = Frameworks;
			sourceTree = "<group>";
		};
/* End PBXGroup section */

/* Begin PBXNativeTarget section */
		44CB4E682906329200559EA3 /* FlowMenu */ = {
			isa = PBXNativeTarget;
			buildConfigurationList = 44CB4E932906329300559EA3 /* Build configuration list for PBXNativeTarget "FlowMenu" */;
			buildPhases = (
				E999187F7B977A5013CDEEEF /* [CP] Check Pods Manifest.lock */,
				44CB4E652906329200559EA3 /* Sources */,
				44CB4E662906329200559EA3 /* Frameworks */,
				44CB4E672906329200559EA3 /* Resources */,
				6C50A55BD64F33F9645A21B2 /* [CP] Embed Pods Frameworks */,
			);
			buildRules = (
			);
			dependencies = (
			);
			name = FlowMenu;
			productName = FlowMenu;
			productReference = 44CB4E692906329200559EA3 /* FlowMenu.app */;
			productType = "com.apple.product-type.application";
		};
		44CB4E7E2906329300559EA3 /* FlowMenuTests */ = {
			isa = PBXNativeTarget;
			buildConfigurationList = 44CB4E962906329300559EA3 /* Build configuration list for PBXNativeTarget "FlowMenuTests" */;
			buildPhases = (
				417F558C963449FA155A8DC9 /* [CP] Check Pods Manifest.lock */,
				44CB4E7B2906329300559EA3 /* Sources */,
				44CB4E7C2906329300559EA3 /* Frameworks */,
				44CB4E7D2906329300559EA3 /* Resources */,
			);
			buildRules = (
			);
			dependencies = (
				44CB4E812906329300559EA3 /* PBXTargetDependency */,
			);
			name = FlowMenuTests;
			productName = FlowMenuTests;
			productReference = 44CB4E7F2906329300559EA3 /* FlowMenuTests.xctest */;
			productType = "com.apple.product-type.bundle.unit-test";
		};
		44CB4E882906329300559EA3 /* FlowMenuUITests */ = {
			isa = PBXNativeTarget;
			buildConfigurationList = 44CB4E992906329300559EA3 /* Build configuration list for PBXNativeTarget "FlowMenuUITests" */;
			buildPhases = (
				03662C360DAE3EABBA90B0FF /* [CP] Check Pods Manifest.lock */,
				44CB4E852906329300559EA3 /* Sources */,
				44CB4E862906329300559EA3 /* Frameworks */,
				44CB4E872906329300559EA3 /* Resources */,
				333CD603D8BAAFC35B444AB0 /* [CP] Embed Pods Frameworks */,
			);
			buildRules = (
			);
			dependencies = (
				44CB4E8B2906329300559EA3 /* PBXTargetDependency */,
			);
			name = FlowMenuUITests;
			productName = FlowMenuUITests;
			productReference = 44CB4E892906329300559EA3 /* FlowMenuUITests.xctest */;
			productType = "com.apple.product-type.bundle.ui-testing";
		};
/* End PBXNativeTarget section */

/* Begin PBXProject section */
		44CB4E612906329200559EA3 /* Project object */ = {
			isa = PBXProject;
			attributes = {
				BuildIndependentTargetsInParallel = 1;
				LastSwiftUpdateCheck = 1400;
				LastUpgradeCheck = 1400;
				TargetAttributes = {
					44CB4E682906329200559EA3 = {
						CreatedOnToolsVersion = 14.0.1;
					};
					44CB4E7E2906329300559EA3 = {
						CreatedOnToolsVersion = 14.0.1;
						TestTargetID = 44CB4E682906329200559EA3;
					};
					44CB4E882906329300559EA3 = {
						CreatedOnToolsVersion = 14.0.1;
						TestTargetID = 44CB4E682906329200559EA3;
					};
				};
			};
			buildConfigurationList = 44CB4E642906329200559EA3 /* Build configuration list for PBXProject "FlowMenu" */;
			compatibilityVersion = "Xcode 14.0";
			developmentRegion = en;
			hasScannedForEncodings = 0;
			knownRegions = (
				en,
				Base,
			);
			mainGroup = 44CB4E602906329200559EA3;
			productRefGroup = 44CB4E6A2906329200559EA3 /* Products */;
			projectDirPath = "";
			projectRoot = "";
			targets = (
				44CB4E682906329200559EA3 /* FlowMenu */,
				44CB4E7E2906329300559EA3 /* FlowMenuTests */,
				44CB4E882906329300559EA3 /* FlowMenuUITests */,
			);
		};
/* End PBXProject section */

/* Begin PBXResourcesBuildPhase section */
		44CB4E672906329200559EA3 /* Resources */ = {
			isa = PBXResourcesBuildPhase;
			buildActionMask = 2147483647;
			files = (
				44CB4E792906329200559EA3 /* LaunchScreen.storyboard in Resources */,
				44CB4E762906329200559EA3 /* Assets.xcassets in Resources */,
				44CB4E742906329200559EA3 /* Main.storyboard in Resources */,
			);
			runOnlyForDeploymentPostprocessing = 0;
		};
		44CB4E7D2906329300559EA3 /* Resources */ = {
			isa = PBXResourcesBuildPhase;
			buildActionMask = 2147483647;
			files = (
			);
			runOnlyForDeploymentPostprocessing = 0;
		};
		44CB4E872906329300559EA3 /* Resources */ = {
			isa = PBXResourcesBuildPhase;
			buildActionMask = 2147483647;
			files = (
			);
			runOnlyForDeploymentPostprocessing = 0;
		};
/* End PBXResourcesBuildPhase section */

/* Begin PBXShellScriptBuildPhase section */
		03662C360DAE3EABBA90B0FF /* [CP] Check Pods Manifest.lock */ = {
			isa = PBXShellScriptBuildPhase;
			buildActionMask = 2147483647;
			files = (
			);
			inputFileListPaths = (
			);
			inputPaths = (
				"${PODS_PODFILE_DIR_PATH}/Podfile.lock",
				"${PODS_ROOT}/Manifest.lock",
			);
			name = "[CP] Check Pods Manifest.lock";
			outputFileListPaths = (
			);
			outputPaths = (
				"$(DERIVED_FILE_DIR)/Pods-FlowMenu-FlowMenuUITests-checkManifestLockResult.txt",
			);
			runOnlyForDeploymentPostprocessing = 0;
			shellPath = /bin/sh;
			shellScript = "diff \"${PODS_PODFILE_DIR_PATH}/Podfile.lock\" \"${PODS_ROOT}/Manifest.lock\" > /dev/null\nif [ $? != 0 ] ; then\n    # print error to STDERR\n    echo \"error: The sandbox is not in sync with the Podfile.lock. Run 'pod install' or update your CocoaPods installation.\" >&2\n    exit 1\nfi\n# This output is used by Xcode 'outputs' to avoid re-running this script phase.\necho \"SUCCESS\" > \"${SCRIPT_OUTPUT_FILE_0}\"\n";
			showEnvVarsInLog = 0;
		};
		333CD603D8BAAFC35B444AB0 /* [CP] Embed Pods Frameworks */ = {
			isa = PBXShellScriptBuildPhase;
			buildActionMask = 2147483647;
			files = (
			);
			inputFileListPaths = (
				"${PODS_ROOT}/Target Support Files/Pods-FlowMenu-FlowMenuUITests/Pods-FlowMenu-FlowMenuUITests-frameworks-${CONFIGURATION}-input-files.xcfilelist",
			);
			name = "[CP] Embed Pods Frameworks";
			outputFileListPaths = (
				"${PODS_ROOT}/Target Support Files/Pods-FlowMenu-FlowMenuUITests/Pods-FlowMenu-FlowMenuUITests-frameworks-${CONFIGURATION}-output-files.xcfilelist",
			);
			runOnlyForDeploymentPostprocessing = 0;
			shellPath = /bin/sh;
			shellScript = "\"${PODS_ROOT}/Target Support Files/Pods-FlowMenu-FlowMenuUITests/Pods-FlowMenu-FlowMenuUITests-frameworks.sh\"\n";
			showEnvVarsInLog = 0;
		};
		417F558C963449FA155A8DC9 /* [CP] Check Pods Manifest.lock */ = {
			isa = PBXShellScriptBuildPhase;
			buildActionMask = 2147483647;
			files = (
			);
			inputFileListPaths = (
			);
			inputPaths = (
				"${PODS_PODFILE_DIR_PATH}/Podfile.lock",
				"${PODS_ROOT}/Manifest.lock",
			);
			name = "[CP] Check Pods Manifest.lock";
			outputFileListPaths = (
			);
			outputPaths = (
				"$(DERIVED_FILE_DIR)/Pods-FlowMenuTests-checkManifestLockResult.txt",
			);
			runOnlyForDeploymentPostprocessing = 0;
			shellPath = /bin/sh;
			shellScript = "diff \"${PODS_PODFILE_DIR_PATH}/Podfile.lock\" \"${PODS_ROOT}/Manifest.lock\" > /dev/null\nif [ $? != 0 ] ; then\n    # print error to STDERR\n    echo \"error: The sandbox is not in sync with the Podfile.lock. Run 'pod install' or update your CocoaPods installation.\" >&2\n    exit 1\nfi\n# This output is used by Xcode 'outputs' to avoid re-running this script phase.\necho \"SUCCESS\" > \"${SCRIPT_OUTPUT_FILE_0}\"\n";
			showEnvVarsInLog = 0;
		};
		6C50A55BD64F33F9645A21B2 /* [CP] Embed Pods Frameworks */ = {
			isa = PBXShellScriptBuildPhase;
			buildActionMask = 2147483647;
			files = (
			);
			inputFileListPaths = (
				"${PODS_ROOT}/Target Support Files/Pods-FlowMenu/Pods-FlowMenu-frameworks-${CONFIGURATION}-input-files.xcfilelist",
			);
			name = "[CP] Embed Pods Frameworks";
			outputFileListPaths = (
				"${PODS_ROOT}/Target Support Files/Pods-FlowMenu/Pods-FlowMenu-frameworks-${CONFIGURATION}-output-files.xcfilelist",
			);
			runOnlyForDeploymentPostprocessing = 0;
			shellPath = /bin/sh;
			shellScript = "\"${PODS_ROOT}/Target Support Files/Pods-FlowMenu/Pods-FlowMenu-frameworks.sh\"\n";
			showEnvVarsInLog = 0;
		};
		E999187F7B977A5013CDEEEF /* [CP] Check Pods Manifest.lock */ = {
			isa = PBXShellScriptBuildPhase;
			buildActionMask = 2147483647;
			files = (
			);
			inputFileListPaths = (
			);
			inputPaths = (
				"${PODS_PODFILE_DIR_PATH}/Podfile.lock",
				"${PODS_ROOT}/Manifest.lock",
			);
			name = "[CP] Check Pods Manifest.lock";
			outputFileListPaths = (
			);
			outputPaths = (
				"$(DERIVED_FILE_DIR)/Pods-FlowMenu-checkManifestLockResult.txt",
			);
			runOnlyForDeploymentPostprocessing = 0;
			shellPath = /bin/sh;
			shellScript = "diff \"${PODS_PODFILE_DIR_PATH}/Podfile.lock\" \"${PODS_ROOT}/Manifest.lock\" > /dev/null\nif [ $? != 0 ] ; then\n    # print error to STDERR\n    echo \"error: The sandbox is not in sync with the Podfile.lock. Run 'pod install' or update your CocoaPods installation.\" >&2\n    exit 1\nfi\n# This output is used by Xcode 'outputs' to avoid re-running this script phase.\necho \"SUCCESS\" > \"${SCRIPT_OUTPUT_FILE_0}\"\n";
			showEnvVarsInLog = 0;
		};
/* End PBXShellScriptBuildPhase section */

/* Begin PBXSourcesBuildPhase section */
		44CB4E652906329200559EA3 /* Sources */ = {
			isa = PBXSourcesBuildPhase;
			buildActionMask = 2147483647;
			files = (
				44CB4E712906329200559EA3 /* ViewController.swift in Sources */,
				44CB4E6D2906329200559EA3 /* AppDelegate.swift in Sources */,
				44CB4E9E290632AB00559EA3 /* FlowMenu.swift in Sources */,
				44CB4E6F2906329200559EA3 /* SceneDelegate.swift in Sources */,
			);
			runOnlyForDeploymentPostprocessing = 0;
		};
		44CB4E7B2906329300559EA3 /* Sources */ = {
			isa = PBXSourcesBuildPhase;
			buildActionMask = 2147483647;
			files = (
				44CB4E842906329300559EA3 /* FlowMenuTests.swift in Sources */,
			);
			runOnlyForDeploymentPostprocessing = 0;
		};
		44CB4E852906329300559EA3 /* Sources */ = {
			isa = PBXSourcesBuildPhase;
			buildActionMask = 2147483647;
			files = (
				44CB4E902906329300559EA3 /* FlowMenuUITestsLaunchTests.swift in Sources */,
				44CB4E8E2906329300559EA3 /* FlowMenuUITests.swift in Sources */,
			);
			runOnlyForDeploymentPostprocessing = 0;
		};
/* End PBXSourcesBuildPhase section */

/* Begin PBXTargetDependency section */
		44CB4E812906329300559EA3 /* PBXTargetDependency */ = {
			isa = PBXTargetDependency;
			target = 44CB4E682906329200559EA3 /* FlowMenu */;
			targetProxy = 44CB4E802906329300559EA3 /* PBXContainerItemProxy */;
		};
		44CB4E8B2906329300559EA3 /* PBXTargetDependency */ = {
			isa = PBXTargetDependency;
			target = 44CB4E682906329200559EA3 /* FlowMenu */;
			targetProxy = 44CB4E8A2906329300559EA3 /* PBXContainerItemProxy */;
		};
/* End PBXTargetDependency section */

/* Begin PBXVariantGroup section */
		44CB4E722906329200559EA3 /* Main.storyboard */ = {
			isa = PBXVariantGroup;
			children = (
				44CB4E732906329200559EA3 /* Base */,
			);
			name = Main.storyboard;
			sourceTree = "<group>";
		};
		44CB4E772906329200559EA3 /* LaunchScreen.storyboard */ = {
			isa = PBXVariantGroup;
			children = (
				44CB4E782906329200559EA3 /* Base */,
			);
			name = LaunchScreen.storyboard;
			sourceTree = "<group>";
		};
/* End PBXVariantGroup section */

/* Begin XCBuildConfiguration section */
		44CB4E912906329300559EA3 /* Debug */ = {
			isa = XCBuildConfiguration;
			buildSettings = {
				ALWAYS_SEARCH_USER_PATHS = NO;
				CLANG_ANALYZER_NONNULL = YES;
				CLANG_ANALYZER_NUMBER_OBJECT_CONVERSION = YES_AGGRESSIVE;
				CLANG_CXX_LANGUAGE_STANDARD = "gnu++20";
				CLANG_ENABLE_MODULES = YES;
				CLANG_ENABLE_OBJC_ARC = YES;
				CLANG_ENABLE_OBJC_WEAK = YES;
				CLANG_WARN_BLOCK_CAPTURE_AUTORELEASING = YES;
				CLANG_WARN_BOOL_CONVERSION = YES;
				CLANG_WARN_COMMA = YES;
				CLANG_WARN_CONSTANT_CONVERSION = YES;
				CLANG_WARN_DEPRECATED_OBJC_IMPLEMENTATIONS = YES;
				CLANG_WARN_DIRECT_OBJC_ISA_USAGE = YES_ERROR;
				CLANG_WARN_DOCUMENTATION_COMMENTS = YES;
				CLANG_WARN_EMPTY_BODY = YES;
				CLANG_WARN_ENUM_CONVERSION = YES;
				CLANG_WARN_INFINITE_RECURSION = YES;
				CLANG_WARN_INT_CONVERSION = YES;
				CLANG_WARN_NON_LITERAL_NULL_CONVERSION = YES;
				CLANG_WARN_OBJC_IMPLICIT_RETAIN_SELF = YES;
				CLANG_WARN_OBJC_LITERAL_CONVERSION = YES;
				CLANG_WARN_OBJC_ROOT_CLASS = YES_ERROR;
				CLANG_WARN_QUOTED_INCLUDE_IN_FRAMEWORK_HEADER = YES;
				CLANG_WARN_RANGE_LOOP_ANALYSIS = YES;
				CLANG_WARN_STRICT_PROTOTYPES = YES;
				CLANG_WARN_SUSPICIOUS_MOVE = YES;
				CLANG_WARN_UNGUARDED_AVAILABILITY = YES_AGGRESSIVE;
				CLANG_WARN_UNREACHABLE_CODE = YES;
				CLANG_WARN__DUPLICATE_METHOD_MATCH = YES;
				COPY_PHASE_STRIP = NO;
				DEBUG_INFORMATION_FORMAT = dwarf;
				ENABLE_STRICT_OBJC_MSGSEND = YES;
				ENABLE_TESTABILITY = YES;
				GCC_C_LANGUAGE_STANDARD = gnu11;
				GCC_DYNAMIC_NO_PIC = NO;
				GCC_NO_COMMON_BLOCKS = YES;
				GCC_OPTIMIZATION_LEVEL = 0;
				GCC_PREPROCESSOR_DEFINITIONS = (
					"DEBUG=1",
					"$(inherited)",
				);
				GCC_WARN_64_TO_32_BIT_CONVERSION = YES;
				GCC_WARN_ABOUT_RETURN_TYPE = YES_ERROR;
				GCC_WARN_UNDECLARED_SELECTOR = YES;
				GCC_WARN_UNINITIALIZED_AUTOS = YES_AGGRESSIVE;
				GCC_WARN_UNUSED_FUNCTION = YES;
				GCC_WARN_UNUSED_VARIABLE = YES;
				IPHONEOS_DEPLOYMENT_TARGET = 16.0;
				MTL_ENABLE_DEBUG_INFO = INCLUDE_SOURCE;
				MTL_FAST_MATH = YES;
				ONLY_ACTIVE_ARCH = YES;
				SDKROOT = iphoneos;
				SWIFT_ACTIVE_COMPILATION_CONDITIONS = DEBUG;
				SWIFT_OPTIMIZATION_LEVEL = "-Onone";
			};
			name = Debug;
		};
		44CB4E922906329300559EA3 /* Release */ = {
			isa = XCBuildConfiguration;
			buildSettings = {
				ALWAYS_SEARCH_USER_PATHS = NO;
				CLANG_ANALYZER_NONNULL = YES;
				CLANG_ANALYZER_NUMBER_OBJECT_CONVERSION = YES_AGGRESSIVE;
				CLANG_CXX_LANGUAGE_STANDARD = "gnu++20";
				CLANG_ENABLE_MODULES = YES;
				CLANG_ENABLE_OBJC_ARC = YES;
				CLANG_ENABLE_OBJC_WEAK = YES;
				CLANG_WARN_BLOCK_CAPTURE_AUTORELEASING = YES;
				CLANG_WARN_BOOL_CONVERSION = YES;
				CLANG_WARN_COMMA = YES;
				CLANG_WARN_CONSTANT_CONVERSION = YES;
				CLANG_WARN_DEPRECATED_OBJC_IMPLEMENTATIONS = YES;
				CLANG_WARN_DIRECT_OBJC_ISA_USAGE = YES_ERROR;
				CLANG_WARN_DOCUMENTATION_COMMENTS = YES;
				CLANG_WARN_EMPTY_BODY = YES;
				CLANG_WARN_ENUM_CONVERSION = YES;
				CLANG_WARN_INFINITE_RECURSION = YES;
				CLANG_WARN_INT_CONVERSION = YES;
				CLANG_WARN_NON_LITERAL_NULL_CONVERSION = YES;
				CLANG_WARN_OBJC_IMPLICIT_RETAIN_SELF = YES;
				CLANG_WARN_OBJC_LITERAL_CONVERSION = YES;
				CLANG_WARN_OBJC_ROOT_CLASS = YES_ERROR;
				CLANG_WARN_QUOTED_INCLUDE_IN_FRAMEWORK_HEADER = YES;
				CLANG_WARN_RANGE_LOOP_ANALYSIS = YES;
				CLANG_WARN_STRICT_PROTOTYPES = YES;
				CLANG_WARN_SUSPICIOUS_MOVE = YES;
				CLANG_WARN_UNGUARDED_AVAILABILITY = YES_AGGRESSIVE;
				CLANG_WARN_UNREACHABLE_CODE = YES;
				CLANG_WARN__DUPLICATE_METHOD_MATCH = YES;
				COPY_PHASE_STRIP = NO;
				DEBUG_INFORMATION_FORMAT = "dwarf-with-dsym";
				ENABLE_NS_ASSERTIONS = NO;
				ENABLE_STRICT_OBJC_MSGSEND = YES;
				GCC_C_LANGUAGE_STANDARD = gnu11;
				GCC_NO_COMMON_BLOCKS = YES;
				GCC_WARN_64_TO_32_BIT_CONVERSION = YES;
				GCC_WARN_ABOUT_RETURN_TYPE = YES_ERROR;
				GCC_WARN_UNDECLARED_SELECTOR = YES;
				GCC_WARN_UNINITIALIZED_AUTOS = YES_AGGRESSIVE;
				GCC_WARN_UNUSED_FUNCTION = YES;
				GCC_WARN_UNUSED_VARIABLE = YES;
				IPHONEOS_DEPLOYMENT_TARGET = 16.0;
				MTL_ENABLE_DEBUG_INFO = NO;
				MTL_FAST_MATH = YES;
				SDKROOT = iphoneos;
				SWIFT_COMPILATION_MODE = wholemodule;
				SWIFT_OPTIMIZATION_LEVEL = "-O";
				VALIDATE_PRODUCT = YES;
			};
			name = Release;
		};
		44CB4E942906329300559EA3 /* Debug */ = {
			isa = XCBuildConfiguration;
			baseConfigurationReference = D0B70EBE924D9794AE8D397D /* Pods-FlowMenu.debug.xcconfig */;
			buildSettings = {
				ASSETCATALOG_COMPILER_APPICON_NAME = AppIcon;
				ASSETCATALOG_COMPILER_GLOBAL_ACCENT_COLOR_NAME = AccentColor;
				CODE_SIGN_STYLE = Automatic;
				CURRENT_PROJECT_VERSION = 1;
				DEVELOPMENT_TEAM = 6GH2ZWT255;
				GENERATE_INFOPLIST_FILE = YES;
				INFOPLIST_FILE = FlowMenu/Info.plist;
				INFOPLIST_KEY_UIApplicationSupportsIndirectInputEvents = YES;
				INFOPLIST_KEY_UILaunchStoryboardName = LaunchScreen;
				INFOPLIST_KEY_UIMainStoryboardFile = Main;
				INFOPLIST_KEY_UISupportedInterfaceOrientations_iPad = "UIInterfaceOrientationPortrait UIInterfaceOrientationPortraitUpsideDown UIInterfaceOrientationLandscapeLeft UIInterfaceOrientationLandscapeRight";
				INFOPLIST_KEY_UISupportedInterfaceOrientations_iPhone = "UIInterfaceOrientationPortrait UIInterfaceOrientationLandscapeLeft UIInterfaceOrientationLandscapeRight";
				LD_RUNPATH_SEARCH_PATHS = (
					"$(inherited)",
					"@executable_path/Frameworks",
				);
				MARKETING_VERSION = 1.0;
				PRODUCT_BUNDLE_IDENTIFIER = bingbing.FlowMenu;
				PRODUCT_NAME = "$(TARGET_NAME)";
				SWIFT_EMIT_LOC_STRINGS = YES;
				SWIFT_VERSION = 5.0;
				TARGETED_DEVICE_FAMILY = "1,2";
			};
			name = Debug;
		};
		44CB4E952906329300559EA3 /* Release */ = {
			isa = XCBuildConfiguration;
			baseConfigurationReference = F6F5249E52F9BAA9C9185C00 /* Pods-FlowMenu.release.xcconfig */;
			buildSettings = {
				ASSETCATALOG_COMPILER_APPICON_NAME = AppIcon;
				ASSETCATALOG_COMPILER_GLOBAL_ACCENT_COLOR_NAME = AccentColor;
				CODE_SIGN_STYLE = Automatic;
				CURRENT_PROJECT_VERSION = 1;
				DEVELOPMENT_TEAM = 6GH2ZWT255;
				GENERATE_INFOPLIST_FILE = YES;
				INFOPLIST_FILE = FlowMenu/Info.plist;
				INFOPLIST_KEY_UIApplicationSupportsIndirectInputEvents = YES;
				INFOPLIST_KEY_UILaunchStoryboardName = LaunchScreen;
				INFOPLIST_KEY_UIMainStoryboardFile = Main;
				INFOPLIST_KEY_UISupportedInterfaceOrientations_iPad = "UIInterfaceOrientationPortrait UIInterfaceOrientationPortraitUpsideDown UIInterfaceOrientationLandscapeLeft UIInterfaceOrientationLandscapeRight";
				INFOPLIST_KEY_UISupportedInterfaceOrientations_iPhone = "UIInterfaceOrientationPortrait UIInterfaceOrientationLandscapeLeft UIInterfaceOrientationLandscapeRight";
				LD_RUNPATH_SEARCH_PATHS = (
					"$(inherited)",
					"@executable_path/Frameworks",
				);
				MARKETING_VERSION = 1.0;
				PRODUCT_BUNDLE_IDENTIFIER = bingbing.FlowMenu;
				PRODUCT_NAME = "$(TARGET_NAME)";
				SWIFT_EMIT_LOC_STRINGS = YES;
				SWIFT_VERSION = 5.0;
				TARGETED_DEVICE_FAMILY = "1,2";
			};
			name = Release;
		};
		44CB4E972906329300559EA3 /* Debug */ = {
			isa = XCBuildConfiguration;
			baseConfigurationReference = 5C464B213E3DBA951E7CEC5A /* Pods-FlowMenuTests.debug.xcconfig */;
			buildSettings = {
				ALWAYS_EMBED_SWIFT_STANDARD_LIBRARIES = YES;
				BUNDLE_LOADER = "$(TEST_HOST)";
				CODE_SIGN_STYLE = Automatic;
				CURRENT_PROJECT_VERSION = 1;
				DEVELOPMENT_TEAM = 6GH2ZWT255;
				GENERATE_INFOPLIST_FILE = YES;
				IPHONEOS_DEPLOYMENT_TARGET = 16.0;
				MARKETING_VERSION = 1.0;
				PRODUCT_BUNDLE_IDENTIFIER = bingbing.FlowMenuTests;
				PRODUCT_NAME = "$(TARGET_NAME)";
				SWIFT_EMIT_LOC_STRINGS = NO;
				SWIFT_VERSION = 5.0;
				TARGETED_DEVICE_FAMILY = "1,2";
				TEST_HOST = "$(BUILT_PRODUCTS_DIR)/FlowMenu.app/$(BUNDLE_EXECUTABLE_FOLDER_PATH)/FlowMenu";
			};
			name = Debug;
		};
		44CB4E982906329300559EA3 /* Release */ = {
			isa = XCBuildConfiguration;
			baseConfigurationReference = 08DC29F0AD44C1916E6CD074 /* Pods-FlowMenuTests.release.xcconfig */;
			buildSettings = {
				ALWAYS_EMBED_SWIFT_STANDARD_LIBRARIES = YES;
				BUNDLE_LOADER = "$(TEST_HOST)";
				CODE_SIGN_STYLE = Automatic;
				CURRENT_PROJECT_VERSION = 1;
				DEVELOPMENT_TEAM = 6GH2ZWT255;
				GENERATE_INFOPLIST_FILE = YES;
				IPHONEOS_DEPLOYMENT_TARGET = 16.0;
				MARKETING_VERSION = 1.0;
				PRODUCT_BUNDLE_IDENTIFIER = bingbing.FlowMenuTests;
				PRODUCT_NAME = "$(TARGET_NAME)";
				SWIFT_EMIT_LOC_STRINGS = NO;
				SWIFT_VERSION = 5.0;
				TARGETED_DEVICE_FAMILY = "1,2";
				TEST_HOST = "$(BUILT_PRODUCTS_DIR)/FlowMenu.app/$(BUNDLE_EXECUTABLE_FOLDER_PATH)/FlowMenu";
			};
			name = Release;
		};
		44CB4E9A2906329300559EA3 /* Debug */ = {
			isa = XCBuildConfiguration;
			baseConfigurationReference = 44A583AEE5F1E456A0187A8E /* Pods-FlowMenu-FlowMenuUITests.debug.xcconfig */;
			buildSettings = {
				ALWAYS_EMBED_SWIFT_STANDARD_LIBRARIES = YES;
				CODE_SIGN_STYLE = Automatic;
				CURRENT_PROJECT_VERSION = 1;
				DEVELOPMENT_TEAM = 6GH2ZWT255;
				GENERATE_INFOPLIST_FILE = YES;
				MARKETING_VERSION = 1.0;
				PRODUCT_BUNDLE_IDENTIFIER = bingbing.FlowMenuUITests;
				PRODUCT_NAME = "$(TARGET_NAME)";
				SWIFT_EMIT_LOC_STRINGS = NO;
				SWIFT_VERSION = 5.0;
				TARGETED_DEVICE_FAMILY = "1,2";
				TEST_TARGET_NAME = FlowMenu;
			};
			name = Debug;
		};
		44CB4E9B2906329300559EA3 /* Release */ = {
			isa = XCBuildConfiguration;
			baseConfigurationReference = 33D1B19EBFA74C0462B1F12F /* Pods-FlowMenu-FlowMenuUITests.release.xcconfig */;
			buildSettings = {
				ALWAYS_EMBED_SWIFT_STANDARD_LIBRARIES = YES;
				CODE_SIGN_STYLE = Automatic;
				CURRENT_PROJECT_VERSION = 1;
				DEVELOPMENT_TEAM = 6GH2ZWT255;
				GENERATE_INFOPLIST_FILE = YES;
				MARKETING_VERSION = 1.0;
				PRODUCT_BUNDLE_IDENTIFIER = bingbing.FlowMenuUITests;
				PRODUCT_NAME = "$(TARGET_NAME)";
				SWIFT_EMIT_LOC_STRINGS = NO;
				SWIFT_VERSION = 5.0;
				TARGETED_DEVICE_FAMILY = "1,2";
				TEST_TARGET_NAME = FlowMenu;
			};
			name = Release;
		};
/* End XCBuildConfiguration section */

/* Begin XCConfigurationList section */
		44CB4E642906329200559EA3 /* Build configuration list for PBXProject "FlowMenu" */ = {
			isa = XCConfigurationList;
			buildConfigurations = (
				44CB4E912906329300559EA3 /* Debug */,
				44CB4E922906329300559EA3 /* Release */,
			);
			defaultConfigurationIsVisible = 0;
			defaultConfigurationName = Release;
		};
		44CB4E932906329300559EA3 /* Build configuration list for PBXNativeTarget "FlowMenu" */ = {
			isa = XCConfigurationList;
			buildConfigurations = (
				44CB4E942906329300559EA3 /* Debug */,
				44CB4E952906329300559EA3 /* Release */,
			);
			defaultConfigurationIsVisible = 0;
			defaultConfigurationName = Release;
		};
		44CB4E962906329300559EA3 /* Build configuration list for PBXNativeTarget "FlowMenuTests" */ = {
			isa = XCConfigurationList;
			buildConfigurations = (
				44CB4E972906329300559EA3 /* Debug */,
				44CB4E982906329300559EA3 /* Release */,
			);
			defaultConfigurationIsVisible = 0;
			defaultConfigurationName = Release;
		};
		44CB4E992906329300559EA3 /* Build configuration list for PBXNativeTarget "FlowMenuUITests" */ = {
			isa = XCConfigurationList;
			buildConfigurations = (
				44CB4E9A2906329300559EA3 /* Debug */,
				44CB4E9B2906329300559EA3 /* Release */,
			);
			defaultConfigurationIsVisible = 0;
			defaultConfigurationName = Release;
		};
/* End XCConfigurationList section */
	};
	rootObject = 44CB4E612906329200559EA3 /* Project object */;
}
